
Microsoft Visual Studio Solution File, Format Version 12.00
# Visual Studio Version 16
VisualStudioVersion = 16.0.33328.57
MinimumVisualStudioVersion = 10.0.40219.1
Project("{FAE04EC0-301F-11D3-BF4B-00C04F79EFBC}") = "Tower", "Tower.csproj", "{A15A03B7-5598-4E51-AD76-C9B10343BDC8}"
EndProject
Global
	GlobalSection(SolutionConfigurationPlatforms) = preSolution
		Debug|Any CPU = Debug|Any CPU
		Release|Any CPU = Release|Any CPU
	EndGlobalSection
	GlobalSection(ProjectConfigurationPlatforms) = postSolution
		{A15A03B7-5598-4E51-AD76-C9B10343BDC8}.Debug|Any CPU.ActiveCfg = Debug|Any CPU
		{A15A03B7-5598-4E51-AD76-C9B10343BDC8}.Debug|Any CPU.Build.0 = Debug|Any CPU
		{A15A03B7-5598-4E51-AD76-C9B10343BDC8}.Release|Any CPU.ActiveCfg = Release|Any CPU
		{A15A03B7-5598-4E51-AD76-C9B10343BDC8}.Release|Any CPU.Build.0 = Release|Any CPU
	EndGlobalSection
	GlobalSection(SolutionProperties) = preSolution
		HideSolutionNode = FALSE
	EndGlobalSection
	GlobalSection(ExtensibilityGlobals) = postSolution
		SolutionGuid = {19055786-D6E0-49BD-8FF5-87C0509D557A}
	EndGlobalSection
EndGlobal
